
Microsoft Visual Studio Solution File, Format Version 12.00
# Visual Studio Version 16
VisualStudioVersion = 16.0.28917.181
MinimumVisualStudioVersion = 10.0.40219.1
Project("{FAE04EC0-301F-11D3-BF4B-00C04F79EFBC}") = "LayoutsXamarin.Android", "LayoutsXamarin\LayoutsXamarin.Android\LayoutsXamarin.Android.csproj", "{79ED4D84-A2B4-47B7-BF86-03F69399E3E8}"
EndProject
Project("{FAE04EC0-301F-11D3-BF4B-00C04F79EFBC}") = "LayoutsXamarin.iOS", "LayoutsXamarin\LayoutsXamarin.iOS\LayoutsXamarin.iOS.csproj", "{A1D866C6-4884-44F5-989F-5A77A45A25E2}"
EndProject
Project("{FAE04EC0-301F-11D3-BF4B-00C04F79EFBC}") = "LayoutsXamarin", "LayoutsXamarin\LayoutsXamarin\LayoutsXamarin.csproj", "{4FB91271-B6F8-44FA-89DC-28A73EACD312}"
EndProject
Global
	GlobalSection(SolutionConfigurationPlatforms) = preSolution
		Debug|Any CPU = Debug|Any CPU
		Debug|iPhone = Debug|iPhone
		Debug|iPhoneSimulator = Debug|iPhoneSimulator
		Release|Any CPU = Release|Any CPU
		Release|iPhone = Release|iPhone
		Release|iPhoneSimulator = Release|iPhoneSimulator
	EndGlobalSection
	GlobalSection(ProjectConfigurationPlatforms) = postSolution
		{79ED4D84-A2B4-47B7-BF86-03F69399E3E8}.Debug|Any CPU.ActiveCfg = Debug|Any CPU
		{79ED4D84-A2B4-47B7-BF86-03F69399E3E8}.Debug|Any CPU.Build.0 = Debug|Any CPU
		{79ED4D84-A2B4-47B7-BF86-03F69399E3E8}.Debug|Any CPU.Deploy.0 = Debug|Any CPU
		{79ED4D84-A2B4-47B7-BF86-03F69399E3E8}.Debug|iPhone.ActiveCfg = Debug|Any CPU
		{79ED4D84-A2B4-47B7-BF86-03F69399E3E8}.Debug|iPhone.Build.0 = Debug|Any CPU
		{79ED4D84-A2B4-47B7-BF86-03F69399E3E8}.Debug|iPhone.Deploy.0 = Debug|Any CPU
		{79ED4D84-A2B4-47B7-BF86-03F69399E3E8}.Debug|iPhoneSimulator.ActiveCfg = Debug|Any CPU
		{79ED4D84-A2B4-47B7-BF86-03F69399E3E8}.Debug|iPhoneSimulator.Build.0 = Debug|Any CPU
		{79ED4D84-A2B4-47B7-BF86-03F69399E3E8}.Debug|iPhoneSimulator.Deploy.0 = Debug|Any CPU
		{79ED4D84-A2B4-47B7-BF86-03F69399E3E8}.Release|Any CPU.ActiveCfg = Release|Any CPU
		{79ED4D84-A2B4-47B7-BF86-03F69399E3E8}.Release|Any CPU.Build.0 = Release|Any CPU
		{79ED4D84-A2B4-47B7-BF86-03F69399E3E8}.Release|Any CPU.Deploy.0 = Release|Any CPU
		{79ED4D84-A2B4-47B7-BF86-03F69399E3E8}.Release|iPhone.ActiveCfg = Release|Any CPU
		{79ED4D84-A2B4-47B7-BF86-03F69399E3E8}.Release|iPhone.Build.0 = Release|Any CPU
		{79ED4D84-A2B4-47B7-BF86-03F69399E3E8}.Release|iPhone.Deploy.0 = Release|Any CPU
		{79ED4D84-A2B4-47B7-BF86-03F69399E3E8}.Release|iPhoneSimulator.ActiveCfg = Release|Any CPU
		{79ED4D84-A2B4-47B7-BF86-03F69399E3E8}.Release|iPhoneSimulator.Build.0 = Release|Any CPU
		{79ED4D84-A2B4-47B7-BF86-03F69399E3E8}.Release|iPhoneSimulator.Deploy.0 = Release|Any CPU
		{A1D866C6-4884-44F5-989F-5A77A45A25E2}.Debug|Any CPU.ActiveCfg = Debug|iPhoneSimulator
		{A1D866C6-4884-44F5-989F-5A77A45A25E2}.Debug|Any CPU.Build.0 = Debug|iPhoneSimulator
		{A1D866C6-4884-44F5-989F-5A77A45A25E2}.Debug|Any CPU.Deploy.0 = Debug|iPhoneSimulator
		{A1D866C6-4884-44F5-989F-5A77A45A25E2}.Debug|iPhone.ActiveCfg = Debug|iPhone
		{A1D866C6-4884-44F5-989F-5A77A45A25E2}.Debug|iPhone.Build.0 = Debug|iPhone
		{A1D866C6-4884-44F5-989F-5A77A45A25E2}.Debug|iPhone.Deploy.0 = Debug|iPhone
		{A1D866C6-4884-44F5-989F-5A77A45A25E2}.Debug|iPhoneSimulator.ActiveCfg = Debug|iPhoneSimulator
		{A1D866C6-4884-44F5-989F-5A77A45A25E2}.Debug|iPhoneSimulator.Build.0 = Debug|iPhoneSimulator
		{A1D866C6-4884-44F5-989F-5A77A45A25E2}.Debug|iPhoneSimulator.Deploy.0 = Debug|iPhoneSimulator
		{A1D866C6-4884-44F5-989F-5A77A45A25E2}.Release|Any CPU.ActiveCfg = Release|iPhone
		{A1D866C6-4884-44F5-989F-5A77A45A25E2}.Release|Any CPU.Build.0 = Release|iPhone
		{A1D866C6-4884-44F5-989F-5A77A45A25E2}.Release|Any CPU.Deploy.0 = Release|iPhone
		{A1D866C6-4884-44F5-989F-5A77A45A25E2}.Release|iPhone.ActiveCfg = Release|iPhone
		{A1D866C6-4884-44F5-989F-5A77A45A25E2}.Release|iPhone.Build.0 = Release|iPhone
		{A1D866C6-4884-44F5-989F-5A77A45A25E2}.Release|iPhone.Deploy.0 = Release|iPhone
		{A1D866C6-4884-44F5-989F-5A77A45A25E2}.Release|iPhoneSimulator.ActiveCfg = Release|iPhoneSimulator
		{A1D866C6-4884-44F5-989F-5A77A45A25E2}.Release|iPhoneSimulator.Build.0 = Release|iPhoneSimulator
		{A1D866C6-4884-44F5-989F-5A77A45A25E2}.Release|iPhoneSimulator.Deploy.0 = Release|iPhoneSimulator
		{4FB91271-B6F8-44FA-89DC-28A73EACD312}.Debug|Any CPU.ActiveCfg = Debug|Any CPU
		{4FB91271-B6F8-44FA-89DC-28A73EACD312}.Debug|Any CPU.Build.0 = Debug|Any CPU
		{4FB91271-B6F8-44FA-89DC-28A73EACD312}.Debug|Any CPU.Deploy.0 = Debug|Any CPU
		{4FB91271-B6F8-44FA-89DC-28A73EACD312}.Debug|iPhone.ActiveCfg = Debug|Any CPU
		{4FB91271-B6F8-44FA-89DC-28A73EACD312}.Debug|iPhone.Build.0 = Debug|Any CPU
		{4FB91271-B6F8-44FA-89DC-28A73EACD312}.Debug|iPhone.Deploy.0 = Debug|Any CPU
		{4FB91271-B6F8-44FA-89DC-28A73EACD312}.Debug|iPhoneSimulator.ActiveCfg = Debug|Any CPU
		{4FB91271-B6F8-44FA-89DC-28A73EACD312}.Debug|iPhoneSimulator.Build.0 = Debug|Any CPU
		{4FB91271-B6F8-44FA-89DC-28A73EACD312}.Debug|iPhoneSimulator.Deploy.0 = Debug|Any CPU
		{4FB91271-B6F8-44FA-89DC-28A73EACD312}.Release|Any CPU.ActiveCfg = Release|Any CPU
		{4FB91271-B6F8-44FA-89DC-28A73EACD312}.Release|Any CPU.Build.0 = Release|Any CPU
		{4FB91271-B6F8-44FA-89DC-28A73EACD312}.Release|Any CPU.Deploy.0 = Release|Any CPU
		{4FB91271-B6F8-44FA-89DC-28A73EACD312}.Release|iPhone.ActiveCfg = Release|Any CPU
		{4FB91271-B6F8-44FA-89DC-28A73EACD312}.Release|iPhone.Build.0 = Release|Any CPU
		{4FB91271-B6F8-44FA-89DC-28A73EACD312}.Release|iPhone.Deploy.0 = Release|Any CPU
		{4FB91271-B6F8-44FA-89DC-28A73EACD312}.Release|iPhoneSimulator.ActiveCfg = Release|Any CPU
		{4FB91271-B6F8-44FA-89DC-28A73EACD312}.Release|iPhoneSimulator.Build.0 = Release|Any CPU
		{4FB91271-B6F8-44FA-89DC-28A73EACD312}.Release|iPhoneSimulator.Deploy.0 = Release|Any CPU
	EndGlobalSection
	GlobalSection(SolutionProperties) = preSolution
		HideSolutionNode = FALSE
	EndGlobalSection
	GlobalSection(ExtensibilityGlobals) = postSolution
		SolutionGuid = {4ADE73AD-E965-48EF-A9A1-A6CF5A716F84}
	EndGlobalSection
EndGlobal
